
Microsoft Visual Studio Solution File, Format Version 12.00
# Visual Studio Version 17
VisualStudioVersion = 17.8.34316.72
MinimumVisualStudioVersion = 10.0.40219.1
Project("{FAE04EC0-301F-11D3-BF4B-00C04F79EFBC}") = "Addressbook", "Addressbook\Addressbook.csproj", "{77BA988C-1EBD-4144-BB5B-BB019FDE0E8A}"
EndProject
Project("{FAE04EC0-301F-11D3-BF4B-00C04F79EFBC}") = "Addressbook.Shared", "Addressbook.Shared\Addressbook.Shared.csproj", "{836975BF-8C4F-4734-ACDC-2146381FD8A2}"
EndProject
Global
	GlobalSection(SolutionConfigurationPlatforms) = preSolution
		Debug|Any CPU = Debug|Any CPU
		Release|Any CPU = Release|Any CPU
	EndGlobalSection
	GlobalSection(ProjectConfigurationPlatforms) = postSolution
		{77BA988C-1EBD-4144-BB5B-BB019FDE0E8A}.Debug|Any CPU.ActiveCfg = Debug|Any CPU
		{77BA988C-1EBD-4144-BB5B-BB019FDE0E8A}.Debug|Any CPU.Build.0 = Debug|Any CPU
		{77BA988C-1EBD-4144-BB5B-BB019FDE0E8A}.Release|Any CPU.ActiveCfg = Release|Any CPU
		{77BA988C-1EBD-4144-BB5B-BB019FDE0E8A}.Release|Any CPU.Build.0 = Release|Any CPU
		{836975BF-8C4F-4734-ACDC-2146381FD8A2}.Debug|Any CPU.ActiveCfg = Debug|Any CPU
		{836975BF-8C4F-4734-ACDC-2146381FD8A2}.Debug|Any CPU.Build.0 = Debug|Any CPU
		{836975BF-8C4F-4734-ACDC-2146381FD8A2}.Release|Any CPU.ActiveCfg = Release|Any CPU
		{836975BF-8C4F-4734-ACDC-2146381FD8A2}.Release|Any CPU.Build.0 = Release|Any CPU
	EndGlobalSection
	GlobalSection(SolutionProperties) = preSolution
		HideSolutionNode = FALSE
	EndGlobalSection
	GlobalSection(ExtensibilityGlobals) = postSolution
		SolutionGuid = {FDD3EC83-842A-49CB-A1B8-595713F7FD83}
	EndGlobalSection
EndGlobal
